
Microsoft Visual Studio Solution File, Format Version 12.00
# Visual Studio Version 17
VisualStudioVersion = 17.3.32819.101
MinimumVisualStudioVersion = 10.0.40219.1
Project("{FAE04EC0-301F-11D3-BF4B-00C04F79EFBC}") = "BookStoreApi", "BookStoreApi\BookStoreApi.csproj", "{19C28168-3EDC-4196-8311-EC2FE40A6E55}"
EndProject
Global
	GlobalSection(SolutionConfigurationPlatforms) = preSolution
		Debug|Any CPU = Debug|Any CPU
		Release|Any CPU = Release|Any CPU
	EndGlobalSection
	GlobalSection(ProjectConfigurationPlatforms) = postSolution
		{19C28168-3EDC-4196-8311-EC2FE40A6E55}.Debug|Any CPU.ActiveCfg = Debug|Any CPU
		{19C28168-3EDC-4196-8311-EC2FE40A6E55}.Debug|Any CPU.Build.0 = Debug|Any CPU
		{19C28168-3EDC-4196-8311-EC2FE40A6E55}.Release|Any CPU.ActiveCfg = Release|Any CPU
		{19C28168-3EDC-4196-8311-EC2FE40A6E55}.Release|Any CPU.Build.0 = Release|Any CPU
	EndGlobalSection
	GlobalSection(SolutionProperties) = preSolution
		HideSolutionNode = FALSE
	EndGlobalSection
	GlobalSection(ExtensibilityGlobals) = postSolution
		SolutionGuid = {D068EBAB-141B-477E-9F85-5D879949EC24}
	EndGlobalSection
EndGlobal
